
Microsoft Visual Studio Solution File, Format Version 12.00
# Visual Studio 2012
Project("{FAE04EC0-301F-11D3-BF4B-00C04F79EFBC}") = "UnityVS.Index.CSharp", "UnityVS.Index.CSharp.csproj", "{5C1F820D-2CDF-5A49-C81F-85CD0CB4EEFD}"
EndProject
Project("{FAE04EC0-301F-11D3-BF4B-00C04F79EFBC}") = "UnityVS.Index.CSharp.Editor", "UnityVS.Index.CSharp.Editor.csproj", "{8D6BA74C-80F2-F0E5-3E4B-4CEF435EBC45}"
EndProject
Global
	GlobalSection(SolutionConfigurationPlatforms) = preSolution
		Debug|Any CPU = Debug|Any CPU
		Release|Any CPU = Release|Any CPU
	EndGlobalSection
	GlobalSection(ProjectConfigurationPlatforms) = postSolution
		{5C1F820D-2CDF-5A49-C81F-85CD0CB4EEFD}.Debug|Any CPU.ActiveCfg = Debug|Any CPU
		{5C1F820D-2CDF-5A49-C81F-85CD0CB4EEFD}.Debug|Any CPU.Build.0 = Debug|Any CPU
		{5C1F820D-2CDF-5A49-C81F-85CD0CB4EEFD}.Release|Any CPU.ActiveCfg = Release|Any CPU
		{5C1F820D-2CDF-5A49-C81F-85CD0CB4EEFD}.Release|Any CPU.Build.0 = Release|Any CPU
		{8D6BA74C-80F2-F0E5-3E4B-4CEF435EBC45}.Debug|Any CPU.ActiveCfg = Debug|Any CPU
		{8D6BA74C-80F2-F0E5-3E4B-4CEF435EBC45}.Debug|Any CPU.Build.0 = Debug|Any CPU
		{8D6BA74C-80F2-F0E5-3E4B-4CEF435EBC45}.Release|Any CPU.ActiveCfg = Release|Any CPU
		{8D6BA74C-80F2-F0E5-3E4B-4CEF435EBC45}.Release|Any CPU.Build.0 = Release|Any CPU
	EndGlobalSection
	GlobalSection(SolutionProperties) = preSolution
		HideSolutionNode = FALSE
	EndGlobalSection
EndGlobal
